
Microsoft Visual Studio Solution File, Format Version 12.00
# Visual Studio 14
VisualStudioVersion = 14.0.24720.0
MinimumVisualStudioVersion = 10.0.40219.1
Project("{FAE04EC0-301F-11D3-BF4B-00C04F79EFBC}") = "Shuffle", "Shuffle\Shuffle.csproj", "{DC5B5A09-A4D8-48A5-9EFE-5B946AB4D9B1}"
EndProject
Project("{FAE04EC0-301F-11D3-BF4B-00C04F79EFBC}") = "SelectKMax", "SelectKMax\SelectKMax.csproj", "{B0C9A134-C4D4-4B01-B419-09552C3DD3EA}"
EndProject
Project("{FAE04EC0-301F-11D3-BF4B-00C04F79EFBC}") = "Fibonacci", "Fibonacci\Fibonacci.csproj", "{F78D8D98-80F6-4744-87EB-EE12C1B6B687}"
EndProject
Global
	GlobalSection(SolutionConfigurationPlatforms) = preSolution
		Debug|Any CPU = Debug|Any CPU
		Release|Any CPU = Release|Any CPU
	EndGlobalSection
	GlobalSection(ProjectConfigurationPlatforms) = postSolution
		{DC5B5A09-A4D8-48A5-9EFE-5B946AB4D9B1}.Debug|Any CPU.ActiveCfg = Debug|Any CPU
		{DC5B5A09-A4D8-48A5-9EFE-5B946AB4D9B1}.Debug|Any CPU.Build.0 = Debug|Any CPU
		{DC5B5A09-A4D8-48A5-9EFE-5B946AB4D9B1}.Release|Any CPU.ActiveCfg = Release|Any CPU
		{DC5B5A09-A4D8-48A5-9EFE-5B946AB4D9B1}.Release|Any CPU.Build.0 = Release|Any CPU
		{B0C9A134-C4D4-4B01-B419-09552C3DD3EA}.Debug|Any CPU.ActiveCfg = Debug|Any CPU
		{B0C9A134-C4D4-4B01-B419-09552C3DD3EA}.Debug|Any CPU.Build.0 = Debug|Any CPU
		{B0C9A134-C4D4-4B01-B419-09552C3DD3EA}.Release|Any CPU.ActiveCfg = Release|Any CPU
		{B0C9A134-C4D4-4B01-B419-09552C3DD3EA}.Release|Any CPU.Build.0 = Release|Any CPU
		{F78D8D98-80F6-4744-87EB-EE12C1B6B687}.Debug|Any CPU.ActiveCfg = Debug|Any CPU
		{F78D8D98-80F6-4744-87EB-EE12C1B6B687}.Debug|Any CPU.Build.0 = Debug|Any CPU
		{F78D8D98-80F6-4744-87EB-EE12C1B6B687}.Release|Any CPU.ActiveCfg = Release|Any CPU
		{F78D8D98-80F6-4744-87EB-EE12C1B6B687}.Release|Any CPU.Build.0 = Release|Any CPU
	EndGlobalSection
	GlobalSection(SolutionProperties) = preSolution
		HideSolutionNode = FALSE
	EndGlobalSection
EndGlobal
